
Microsoft Visual Studio Solution File, Format Version 12.00
# Visual Studio 15
VisualStudioVersion = 15.0.27004.2005
MinimumVisualStudioVersion = 10.0.40219.1
Project("{FAE04EC0-301F-11D3-BF4B-00C04F79EFBC}") = "MCashDemo.Web", "MCashDemo.Web\MCashDemo.Web.csproj", "{71684F20-324C-4424-990C-F336EC27B7FB}"
EndProject
Project("{FAE04EC0-301F-11D3-BF4B-00C04F79EFBC}") = "MCash.Business", "MCash.Business\MCash.Business.csproj", "{181C1A80-DF15-4ACB-8929-A9FEFF0E51BB}"
EndProject
Global
	GlobalSection(SolutionConfigurationPlatforms) = preSolution
		Debug|Any CPU = Debug|Any CPU
		Release|Any CPU = Release|Any CPU
	EndGlobalSection
	GlobalSection(ProjectConfigurationPlatforms) = postSolution
		{71684F20-324C-4424-990C-F336EC27B7FB}.Debug|Any CPU.ActiveCfg = Debug|Any CPU
		{71684F20-324C-4424-990C-F336EC27B7FB}.Debug|Any CPU.Build.0 = Debug|Any CPU
		{71684F20-324C-4424-990C-F336EC27B7FB}.Release|Any CPU.ActiveCfg = Release|Any CPU
		{71684F20-324C-4424-990C-F336EC27B7FB}.Release|Any CPU.Build.0 = Release|Any CPU
		{181C1A80-DF15-4ACB-8929-A9FEFF0E51BB}.Debug|Any CPU.ActiveCfg = Debug|Any CPU
		{181C1A80-DF15-4ACB-8929-A9FEFF0E51BB}.Debug|Any CPU.Build.0 = Debug|Any CPU
		{181C1A80-DF15-4ACB-8929-A9FEFF0E51BB}.Release|Any CPU.ActiveCfg = Release|Any CPU
		{181C1A80-DF15-4ACB-8929-A9FEFF0E51BB}.Release|Any CPU.Build.0 = Release|Any CPU
	EndGlobalSection
	GlobalSection(SolutionProperties) = preSolution
		HideSolutionNode = FALSE
	EndGlobalSection
	GlobalSection(ExtensibilityGlobals) = postSolution
		SolutionGuid = {B08CDACD-173D-454E-8B73-C9B48457999C}
	EndGlobalSection
EndGlobal
